
Microsoft Visual Studio Solution File, Format Version 12.00
# Visual Studio 2013
Project("{FAE04EC0-301F-11D3-BF4B-00C04F79EFBC}") = "UnityVS.JellyGarden Unity4.CSharp", "UnityVS.JellyGarden Unity4.CSharp.csproj", "{DAE521E4-E139-02FF-724C-846DD58324BA}"
EndProject
Project("{FAE04EC0-301F-11D3-BF4B-00C04F79EFBC}") = "UnityVS.JellyGarden Unity4.CSharp.Editor", "UnityVS.JellyGarden Unity4.CSharp.Editor.csproj", "{55F85A78-AFF1-5807-CA7E-3CB42F80E36F}"
EndProject
Global
	GlobalSection(SolutionConfigurationPlatforms) = preSolution
		Debug|Any CPU = Debug|Any CPU
		Release|Any CPU = Release|Any CPU
	EndGlobalSection
	GlobalSection(ProjectConfigurationPlatforms) = postSolution
		{DAE521E4-E139-02FF-724C-846DD58324BA}.Debug|Any CPU.ActiveCfg = Debug|Any CPU
		{DAE521E4-E139-02FF-724C-846DD58324BA}.Debug|Any CPU.Build.0 = Debug|Any CPU
		{DAE521E4-E139-02FF-724C-846DD58324BA}.Release|Any CPU.ActiveCfg = Release|Any CPU
		{DAE521E4-E139-02FF-724C-846DD58324BA}.Release|Any CPU.Build.0 = Release|Any CPU
		{55F85A78-AFF1-5807-CA7E-3CB42F80E36F}.Debug|Any CPU.ActiveCfg = Debug|Any CPU
		{55F85A78-AFF1-5807-CA7E-3CB42F80E36F}.Debug|Any CPU.Build.0 = Debug|Any CPU
		{55F85A78-AFF1-5807-CA7E-3CB42F80E36F}.Release|Any CPU.ActiveCfg = Release|Any CPU
		{55F85A78-AFF1-5807-CA7E-3CB42F80E36F}.Release|Any CPU.Build.0 = Release|Any CPU
	EndGlobalSection
	GlobalSection(SolutionProperties) = preSolution
		HideSolutionNode = FALSE
	EndGlobalSection
EndGlobal
