
Microsoft Visual Studio Solution File, Format Version 12.00
# Visual Studio 2013
Project("{FAE04EC0-301F-11D3-BF4B-00C04F79EFBC}") = "UnityVS.JellyGarden Unity5 chupa.CSharp", "UnityVS.JellyGarden Unity5 chupa.CSharp.csproj", "{A533C04F-84A5-C58C-EED2-F7685BB17A5F}"
EndProject
Project("{FAE04EC0-301F-11D3-BF4B-00C04F79EFBC}") = "UnityVS.JellyGarden Unity5 chupa.CSharp.Editor", "UnityVS.JellyGarden Unity5 chupa.CSharp.Editor.csproj", "{62433330-6901-EE53-15D1-ED5EE99AD46F}"
EndProject
Global
	GlobalSection(SolutionConfigurationPlatforms) = preSolution
		Debug|Any CPU = Debug|Any CPU
		Release|Any CPU = Release|Any CPU
	EndGlobalSection
	GlobalSection(ProjectConfigurationPlatforms) = postSolution
		{A533C04F-84A5-C58C-EED2-F7685BB17A5F}.Debug|Any CPU.ActiveCfg = Debug|Any CPU
		{A533C04F-84A5-C58C-EED2-F7685BB17A5F}.Debug|Any CPU.Build.0 = Debug|Any CPU
		{A533C04F-84A5-C58C-EED2-F7685BB17A5F}.Release|Any CPU.ActiveCfg = Release|Any CPU
		{A533C04F-84A5-C58C-EED2-F7685BB17A5F}.Release|Any CPU.Build.0 = Release|Any CPU
		{62433330-6901-EE53-15D1-ED5EE99AD46F}.Debug|Any CPU.ActiveCfg = Debug|Any CPU
		{62433330-6901-EE53-15D1-ED5EE99AD46F}.Debug|Any CPU.Build.0 = Debug|Any CPU
		{62433330-6901-EE53-15D1-ED5EE99AD46F}.Release|Any CPU.ActiveCfg = Release|Any CPU
		{62433330-6901-EE53-15D1-ED5EE99AD46F}.Release|Any CPU.Build.0 = Release|Any CPU
	EndGlobalSection
	GlobalSection(SolutionProperties) = preSolution
		HideSolutionNode = FALSE
	EndGlobalSection
EndGlobal
