
Microsoft Visual Studio Solution File, Format Version 12.00
# Visual Studio 2013
Project("{FAE04EC0-301F-11D3-BF4B-00C04F79EFBC}") = "UnityVS.SuperMatch3.CSharp.Plugins", "UnityVS.SuperMatch3.CSharp.Plugins.csproj", "{98B57E0C-4742-1243-618E-F8FD4139D433}"
EndProject
Project("{FAE04EC0-301F-11D3-BF4B-00C04F79EFBC}") = "UnityVS.SuperMatch3.CSharp", "UnityVS.SuperMatch3.CSharp.csproj", "{F298E5BB-D7D4-BC82-DBC1-2627DB2FEC8F}"
EndProject
Project("{FAE04EC0-301F-11D3-BF4B-00C04F79EFBC}") = "UnityVS.SuperMatch3.CSharp.Editor.Plugins", "UnityVS.SuperMatch3.CSharp.Editor.Plugins.csproj", "{C5DAA7D1-552A-408C-8E23-BD517A404F2C}"
EndProject
Project("{FAE04EC0-301F-11D3-BF4B-00C04F79EFBC}") = "UnityVS.SuperMatch3.CSharp.Editor", "UnityVS.SuperMatch3.CSharp.Editor.csproj", "{858B5D2E-F6A4-404A-F374-A99B7C69F79B}"
EndProject
Global
	GlobalSection(SolutionConfigurationPlatforms) = preSolution
		Debug|Any CPU = Debug|Any CPU
		Release|Any CPU = Release|Any CPU
	EndGlobalSection
	GlobalSection(ProjectConfigurationPlatforms) = postSolution
		{98B57E0C-4742-1243-618E-F8FD4139D433}.Debug|Any CPU.ActiveCfg = Debug|Any CPU
		{98B57E0C-4742-1243-618E-F8FD4139D433}.Debug|Any CPU.Build.0 = Debug|Any CPU
		{98B57E0C-4742-1243-618E-F8FD4139D433}.Release|Any CPU.ActiveCfg = Release|Any CPU
		{98B57E0C-4742-1243-618E-F8FD4139D433}.Release|Any CPU.Build.0 = Release|Any CPU
		{F298E5BB-D7D4-BC82-DBC1-2627DB2FEC8F}.Debug|Any CPU.ActiveCfg = Debug|Any CPU
		{F298E5BB-D7D4-BC82-DBC1-2627DB2FEC8F}.Debug|Any CPU.Build.0 = Debug|Any CPU
		{F298E5BB-D7D4-BC82-DBC1-2627DB2FEC8F}.Release|Any CPU.ActiveCfg = Release|Any CPU
		{F298E5BB-D7D4-BC82-DBC1-2627DB2FEC8F}.Release|Any CPU.Build.0 = Release|Any CPU
		{C5DAA7D1-552A-408C-8E23-BD517A404F2C}.Debug|Any CPU.ActiveCfg = Debug|Any CPU
		{C5DAA7D1-552A-408C-8E23-BD517A404F2C}.Debug|Any CPU.Build.0 = Debug|Any CPU
		{C5DAA7D1-552A-408C-8E23-BD517A404F2C}.Release|Any CPU.ActiveCfg = Release|Any CPU
		{C5DAA7D1-552A-408C-8E23-BD517A404F2C}.Release|Any CPU.Build.0 = Release|Any CPU
		{858B5D2E-F6A4-404A-F374-A99B7C69F79B}.Debug|Any CPU.ActiveCfg = Debug|Any CPU
		{858B5D2E-F6A4-404A-F374-A99B7C69F79B}.Debug|Any CPU.Build.0 = Debug|Any CPU
		{858B5D2E-F6A4-404A-F374-A99B7C69F79B}.Release|Any CPU.ActiveCfg = Release|Any CPU
		{858B5D2E-F6A4-404A-F374-A99B7C69F79B}.Release|Any CPU.Build.0 = Release|Any CPU
	EndGlobalSection
	GlobalSection(SolutionProperties) = preSolution
		HideSolutionNode = FALSE
	EndGlobalSection
EndGlobal
